// !$*UTF8*$!
{
	archiveVersion = 1;
	classes = {
	};
	objectVersion = 52;
	objects = {

/* Begin PBXBuildFile section */
		66582D0A26FE0B250006CF04 /* Cacheable.swift in Sources */ = {isa = PBXBuildFile; fileRef = 66F9C51F26FCC50C00F7E6A6 /* Cacheable.swift */; };
		66582D1926FE33B30006CF04 /* AccessoryDecorator.swift in Sources */ = {isa = PBXBuildFile; fileRef = 66582D1826FE33B30006CF04 /* AccessoryDecorator.swift */; };
		66582D1B26FE33D20006CF04 /* ViewStyle.swift in Sources */ = {isa = PBXBuildFile; fileRef = 66582D1A26FE33D20006CF04 /* ViewStyle.swift */; };
		66F9C4DC26FCC33300F7E6A6 /* AppDelegate.swift in Sources */ = {isa = PBXBuildFile; fileRef = 66F9C4DB26FCC33300F7E6A6 /* AppDelegate.swift */; };
		66F9C4DE26FCC33300F7E6A6 /* SceneDelegate.swift in Sources */ = {isa = PBXBuildFile; fileRef = 66F9C4DD26FCC33300F7E6A6 /* SceneDelegate.swift */; };
		66F9C4E026FCC33300F7E6A6 /* ViewController.swift in Sources */ = {isa = PBXBuildFile; fileRef = 66F9C4DF26FCC33300F7E6A6 /* ViewController.swift */; };
		66F9C4E326FCC33300F7E6A6 /* Main.storyboard in Resources */ = {isa = PBXBuildFile; fileRef = 66F9C4E126FCC33300F7E6A6 /* Main.storyboard */; };
		66F9C4E526FCC33300F7E6A6 /* Assets.xcassets in Resources */ = {isa = PBXBuildFile; fileRef = 66F9C4E426FCC33300F7E6A6 /* Assets.xcassets */; };
		66F9C4E826FCC33300F7E6A6 /* LaunchScreen.storyboard in Resources */ = {isa = PBXBuildFile; fileRef = 66F9C4E626FCC33300F7E6A6 /* LaunchScreen.storyboard */; };
		66F9C4F326FCC33400F7E6A6 /* WeatherTests.swift in Sources */ = {isa = PBXBuildFile; fileRef = 66F9C4F226FCC33400F7E6A6 /* WeatherTests.swift */; };
		66F9C4FE26FCC33400F7E6A6 /* WeatherUITests.swift in Sources */ = {isa = PBXBuildFile; fileRef = 66F9C4FD26FCC33400F7E6A6 /* WeatherUITests.swift */; };
		66F9C50D26FCC3AE00F7E6A6 /* RxSwift in Frameworks */ = {isa = PBXBuildFile; productRef = 66F9C50C26FCC3AE00F7E6A6 /* RxSwift */; };
		66F9C51126FCC3AE00F7E6A6 /* RxRelay in Frameworks */ = {isa = PBXBuildFile; productRef = 66F9C51026FCC3AE00F7E6A6 /* RxRelay */; };
		66F9C51326FCC3AE00F7E6A6 /* RxCocoa in Frameworks */ = {isa = PBXBuildFile; productRef = 66F9C51226FCC3AE00F7E6A6 /* RxCocoa */; };
		66F9C51826FCC45C00F7E6A6 /* RxTest in Frameworks */ = {isa = PBXBuildFile; platformFilter = ios; productRef = 66F9C51726FCC45C00F7E6A6 /* RxTest */; };
		66F9C51B26FCC4C700F7E6A6 /* WeatherRequest.swift in Sources */ = {isa = PBXBuildFile; fileRef = 66F9C51A26FCC4C700F7E6A6 /* WeatherRequest.swift */; };
		66F9C52226FCC52A00F7E6A6 /* Cache.swift in Sources */ = {isa = PBXBuildFile; fileRef = 66F9C52126FCC52A00F7E6A6 /* Cache.swift */; };
		66F9C52826FCC54900F7E6A6 /* RequestType.swift in Sources */ = {isa = PBXBuildFile; fileRef = 66F9C52326FCC54800F7E6A6 /* RequestType.swift */; };
		66F9C52926FCC54900F7E6A6 /* APIError.swift in Sources */ = {isa = PBXBuildFile; fileRef = 66F9C52426FCC54800F7E6A6 /* APIError.swift */; };
		66F9C52A26FCC54900F7E6A6 /* Method.swift in Sources */ = {isa = PBXBuildFile; fileRef = 66F9C52526FCC54800F7E6A6 /* Method.swift */; };
		66F9C52B26FCC54900F7E6A6 /* NetworkServiceType.swift in Sources */ = {isa = PBXBuildFile; fileRef = 66F9C52626FCC54800F7E6A6 /* NetworkServiceType.swift */; };
		66F9C52C26FCC54900F7E6A6 /* Environment.swift in Sources */ = {isa = PBXBuildFile; fileRef = 66F9C52726FCC54900F7E6A6 /* Environment.swift */; };
		66F9C53026FCC5CA00F7E6A6 /* WeatherListViewModel.swift in Sources */ = {isa = PBXBuildFile; fileRef = 66F9C52F26FCC5CA00F7E6A6 /* WeatherListViewModel.swift */; };
		66F9C53226FCC5E000F7E6A6 /* WeatherService.swift in Sources */ = {isa = PBXBuildFile; fileRef = 66F9C53126FCC5E000F7E6A6 /* WeatherService.swift */; };
		66F9C53526FCC5F600F7E6A6 /* WeatherListViewController.swift in Sources */ = {isa = PBXBuildFile; fileRef = 66F9C53326FCC5F600F7E6A6 /* WeatherListViewController.swift */; };
		66F9C53626FCC5F600F7E6A6 /* WeatherListViewController.xib in Resources */ = {isa = PBXBuildFile; fileRef = 66F9C53426FCC5F600F7E6A6 /* WeatherListViewController.xib */; };
		66F9C53826FCC60800F7E6A6 /* BaseViewController.swift in Sources */ = {isa = PBXBuildFile; fileRef = 66F9C53726FCC60800F7E6A6 /* BaseViewController.swift */; };
		66F9C53A26FCC61800F7E6A6 /* SearchWeatherState.swift in Sources */ = {isa = PBXBuildFile; fileRef = 66F9C53926FCC61800F7E6A6 /* SearchWeatherState.swift */; };
		66F9C53C26FCC62400F7E6A6 /* WeatherDisplayModel.swift in Sources */ = {isa = PBXBuildFile; fileRef = 66F9C53B26FCC62400F7E6A6 /* WeatherDisplayModel.swift */; };
		66F9C53E26FCC63600F7E6A6 /* WeatherResponseModel.swift in Sources */ = {isa = PBXBuildFile; fileRef = 66F9C53D26FCC63600F7E6A6 /* WeatherResponseModel.swift */; };
		66F9C54126FCC6AA00F7E6A6 /* WeatherTableViewCell.swift in Sources */ = {isa = PBXBuildFile; fileRef = 66F9C53F26FCC6AA00F7E6A6 /* WeatherTableViewCell.swift */; };
		66F9C54226FCC6AA00F7E6A6 /* WeatherTableViewCell.xib in Resources */ = {isa = PBXBuildFile; fileRef = 66F9C54026FCC6AA00F7E6A6 /* WeatherTableViewCell.xib */; };
		66F9C54426FCC6C100F7E6A6 /* ActivityIndicatorView.swift in Sources */ = {isa = PBXBuildFile; fileRef = 66F9C54326FCC6C100F7E6A6 /* ActivityIndicatorView.swift */; };
		66F9C54626FCC6F200F7E6A6 /* ImageLoader.swift in Sources */ = {isa = PBXBuildFile; fileRef = 66F9C54526FCC6F200F7E6A6 /* ImageLoader.swift */; };
		66F9C54C26FCC72900F7E6A6 /* Image+Extension.swift in Sources */ = {isa = PBXBuildFile; fileRef = 66F9C54826FCC72900F7E6A6 /* Image+Extension.swift */; };
		66F9C54E26FCC72900F7E6A6 /* UIView+Extension.swift in Sources */ = {isa = PBXBuildFile; fileRef = 66F9C54A26FCC72900F7E6A6 /* UIView+Extension.swift */; };
		66F9C54F26FCC72900F7E6A6 /* URL+Extension.swift in Sources */ = {isa = PBXBuildFile; fileRef = 66F9C54B26FCC72900F7E6A6 /* URL+Extension.swift */; };
		66F9C55126FCC75E00F7E6A6 /* APIEnvironment.swift in Sources */ = {isa = PBXBuildFile; fileRef = 66F9C55026FCC75E00F7E6A6 /* APIEnvironment.swift */; };
		66F9C55326FCC94800F7E6A6 /* URLSessionNetworkService.swift in Sources */ = {isa = PBXBuildFile; fileRef = 66F9C55226FCC94800F7E6A6 /* URLSessionNetworkService.swift */; };
		66F9C55526FCC97700F7E6A6 /* RequestType+URLSession.swift in Sources */ = {isa = PBXBuildFile; fileRef = 66F9C55426FCC97700F7E6A6 /* RequestType+URLSession.swift */; };
		66F9C55826FCE08300F7E6A6 /* UITableview+Extension.swift in Sources */ = {isa = PBXBuildFile; fileRef = 66F9C55726FCE08300F7E6A6 /* UITableview+Extension.swift */; };
		66F9C55B26FCE60500F7E6A6 /* WeatherServiceMock.swift in Sources */ = {isa = PBXBuildFile; fileRef = 66F9C55A26FCE60500F7E6A6 /* WeatherServiceMock.swift */; };
		66F9C55D26FCE6F300F7E6A6 /* Decodeable+Extension.swift in Sources */ = {isa = PBXBuildFile; fileRef = 66F9C55C26FCE6F300F7E6A6 /* Decodeable+Extension.swift */; };
		66F9C55F26FCE83100F7E6A6 /* WeatherListViewModelTests.swift in Sources */ = {isa = PBXBuildFile; fileRef = 66F9C55E26FCE83100F7E6A6 /* WeatherListViewModelTests.swift */; };
		66F9C56126FCEC3F00F7E6A6 /* XCTestCase+Extension.swift in Sources */ = {isa = PBXBuildFile; fileRef = 66F9C56026FCEC3F00F7E6A6 /* XCTestCase+Extension.swift */; };
		66F9C56626FCF10D00F7E6A6 /* WeatherResponse.json in Resources */ = {isa = PBXBuildFile; fileRef = 66F9C56526FCF10D00F7E6A6 /* WeatherResponse.json */; };
/* End PBXBuildFile section */

/* Begin PBXContainerItemProxy section */
		66F9C4EF26FCC33400F7E6A6 /* PBXContainerItemProxy */ = {
			isa = PBXContainerItemProxy;
			containerPortal = 66F9C4D026FCC33300F7E6A6 /* Project object */;
			proxyType = 1;
			remoteGlobalIDString = 66F9C4D726FCC33300F7E6A6;
			remoteInfo = Weather;
		};
		66F9C4FA26FCC33400F7E6A6 /* PBXContainerItemProxy */ = {
			isa = PBXContainerItemProxy;
			containerPortal = 66F9C4D026FCC33300F7E6A6 /* Project object */;
			proxyType = 1;
			remoteGlobalIDString = 66F9C4D726FCC33300F7E6A6;
			remoteInfo = Weather;
		};
/* End PBXContainerItemProxy section */

/* Begin PBXFileReference section */
		66582D1826FE33B30006CF04 /* AccessoryDecorator.swift */ = {isa = PBXFileReference; lastKnownFileType = sourcecode.swift; path = AccessoryDecorator.swift; sourceTree = "<group>"; };
		66582D1A26FE33D20006CF04 /* ViewStyle.swift */ = {isa = PBXFileReference; lastKnownFileType = sourcecode.swift; path = ViewStyle.swift; sourceTree = "<group>"; };
		66F9C4D826FCC33300F7E6A6 /* Weather.app */ = {isa = PBXFileReference; explicitFileType = wrapper.application; includeInIndex = 0; path = Weather.app; sourceTree = BUILT_PRODUCTS_DIR; };
		66F9C4DB26FCC33300F7E6A6 /* AppDelegate.swift */ = {isa = PBXFileReference; lastKnownFileType = sourcecode.swift; path = AppDelegate.swift; sourceTree = "<group>"; };
		66F9C4DD26FCC33300F7E6A6 /* SceneDelegate.swift */ = {isa = PBXFileReference; lastKnownFileType = sourcecode.swift; path = SceneDelegate.swift; sourceTree = "<group>"; };
		66F9C4DF26FCC33300F7E6A6 /* ViewController.swift */ = {isa = PBXFileReference; lastKnownFileType = sourcecode.swift; path = ViewController.swift; sourceTree = "<group>"; };
		66F9C4E226FCC33300F7E6A6 /* Base */ = {isa = PBXFileReference; lastKnownFileType = file.storyboard; name = Base; path = Base.lproj/Main.storyboard; sourceTree = "<group>"; };
		66F9C4E426FCC33300F7E6A6 /* Assets.xcassets */ = {isa = PBXFileReference; lastKnownFileType = folder.assetcatalog; path = Assets.xcassets; sourceTree = "<group>"; };
		66F9C4E726FCC33300F7E6A6 /* Base */ = {isa = PBXFileReference; lastKnownFileType = file.storyboard; name = Base; path = Base.lproj/LaunchScreen.storyboard; sourceTree = "<group>"; };
		66F9C4E926FCC33300F7E6A6 /* Info.plist */ = {isa = PBXFileReference; lastKnownFileType = text.plist.xml; path = Info.plist; sourceTree = "<group>"; };
		66F9C4EE26FCC33400F7E6A6 /* WeatherTests.xctest */ = {isa = PBXFileReference; explicitFileType = wrapper.cfbundle; includeInIndex = 0; path = WeatherTests.xctest; sourceTree = BUILT_PRODUCTS_DIR; };
		66F9C4F226FCC33400F7E6A6 /* WeatherTests.swift */ = {isa = PBXFileReference; lastKnownFileType = sourcecode.swift; path = WeatherTests.swift; sourceTree = "<group>"; };
		66F9C4F426FCC33400F7E6A6 /* Info.plist */ = {isa = PBXFileReference; lastKnownFileType = text.plist.xml; path = Info.plist; sourceTree = "<group>"; };
		66F9C4F926FCC33400F7E6A6 /* WeatherUITests.xctest */ = {isa = PBXFileReference; explicitFileType = wrapper.cfbundle; includeInIndex = 0; path = WeatherUITests.xctest; sourceTree = BUILT_PRODUCTS_DIR; };
		66F9C4FD26FCC33400F7E6A6 /* WeatherUITests.swift */ = {isa = PBXFileReference; lastKnownFileType = sourcecode.swift; path = WeatherUITests.swift; sourceTree = "<group>"; };
		66F9C4FF26FCC33400F7E6A6 /* Info.plist */ = {isa = PBXFileReference; lastKnownFileType = text.plist.xml; path = Info.plist; sourceTree = "<group>"; };
		66F9C51A26FCC4C700F7E6A6 /* WeatherRequest.swift */ = {isa = PBXFileReference; lastKnownFileType = sourcecode.swift; path = WeatherRequest.swift; sourceTree = "<group>"; };
		66F9C51F26FCC50C00F7E6A6 /* Cacheable.swift */ = {isa = PBXFileReference; lastKnownFileType = sourcecode.swift; path = Cacheable.swift; sourceTree = "<group>"; };
		66F9C52126FCC52A00F7E6A6 /* Cache.swift */ = {isa = PBXFileReference; lastKnownFileType = sourcecode.swift; path = Cache.swift; sourceTree = "<group>"; };
		66F9C52326FCC54800F7E6A6 /* RequestType.swift */ = {isa = PBXFileReference; fileEncoding = 4; lastKnownFileType = sourcecode.swift; path = RequestType.swift; sourceTree = "<group>"; };
		66F9C52426FCC54800F7E6A6 /* APIError.swift */ = {isa = PBXFileReference; fileEncoding = 4; lastKnownFileType = sourcecode.swift; path = APIError.swift; sourceTree = "<group>"; };
		66F9C52526FCC54800F7E6A6 /* Method.swift */ = {isa = PBXFileReference; fileEncoding = 4; lastKnownFileType = sourcecode.swift; path = Method.swift; sourceTree = "<group>"; };
		66F9C52626FCC54800F7E6A6 /* NetworkServiceType.swift */ = {isa = PBXFileReference; fileEncoding = 4; lastKnownFileType = sourcecode.swift; path = NetworkServiceType.swift; sourceTree = "<group>"; };
		66F9C52726FCC54900F7E6A6 /* Environment.swift */ = {isa = PBXFileReference; fileEncoding = 4; lastKnownFileType = sourcecode.swift; path = Environment.swift; sourceTree = "<group>"; };
		66F9C52F26FCC5CA00F7E6A6 /* WeatherListViewModel.swift */ = {isa = PBXFileReference; lastKnownFileType = sourcecode.swift; path = WeatherListViewModel.swift; sourceTree = "<group>"; };
		66F9C53126FCC5E000F7E6A6 /* WeatherService.swift */ = {isa = PBXFileReference; lastKnownFileType = sourcecode.swift; path = WeatherService.swift; sourceTree = "<group>"; };
		66F9C53326FCC5F600F7E6A6 /* WeatherListViewController.swift */ = {isa = PBXFileReference; lastKnownFileType = sourcecode.swift; path = WeatherListViewController.swift; sourceTree = "<group>"; };
		66F9C53426FCC5F600F7E6A6 /* WeatherListViewController.xib */ = {isa = PBXFileReference; lastKnownFileType = file.xib; path = WeatherListViewController.xib; sourceTree = "<group>"; };
		66F9C53726FCC60800F7E6A6 /* BaseViewController.swift */ = {isa = PBXFileReference; lastKnownFileType = sourcecode.swift; path = BaseViewController.swift; sourceTree = "<group>"; };
		66F9C53926FCC61800F7E6A6 /* SearchWeatherState.swift */ = {isa = PBXFileReference; lastKnownFileType = sourcecode.swift; path = SearchWeatherState.swift; sourceTree = "<group>"; };
		66F9C53B26FCC62400F7E6A6 /* WeatherDisplayModel.swift */ = {isa = PBXFileReference; lastKnownFileType = sourcecode.swift; path = WeatherDisplayModel.swift; sourceTree = "<group>"; };
		66F9C53D26FCC63600F7E6A6 /* WeatherResponseModel.swift */ = {isa = PBXFileReference; lastKnownFileType = sourcecode.swift; path = WeatherResponseModel.swift; sourceTree = "<group>"; };
		66F9C53F26FCC6AA00F7E6A6 /* WeatherTableViewCell.swift */ = {isa = PBXFileReference; lastKnownFileType = sourcecode.swift; path = WeatherTableViewCell.swift; sourceTree = "<group>"; };
		66F9C54026FCC6AA00F7E6A6 /* WeatherTableViewCell.xib */ = {isa = PBXFileReference; lastKnownFileType = file.xib; path = WeatherTableViewCell.xib; sourceTree = "<group>"; };
		66F9C54326FCC6C100F7E6A6 /* ActivityIndicatorView.swift */ = {isa = PBXFileReference; lastKnownFileType = sourcecode.swift; path = ActivityIndicatorView.swift; sourceTree = "<group>"; };
		66F9C54526FCC6F200F7E6A6 /* ImageLoader.swift */ = {isa = PBXFileReference; lastKnownFileType = sourcecode.swift; path = ImageLoader.swift; sourceTree = "<group>"; };
		66F9C54826FCC72900F7E6A6 /* Image+Extension.swift */ = {isa = PBXFileReference; fileEncoding = 4; lastKnownFileType = sourcecode.swift; path = "Image+Extension.swift"; sourceTree = "<group>"; };
		66F9C54A26FCC72900F7E6A6 /* UIView+Extension.swift */ = {isa = PBXFileReference; fileEncoding = 4; lastKnownFileType = sourcecode.swift; path = "UIView+Extension.swift"; sourceTree = "<group>"; };
		66F9C54B26FCC72900F7E6A6 /* URL+Extension.swift */ = {isa = PBXFileReference; fileEncoding = 4; lastKnownFileType = sourcecode.swift; path = "URL+Extension.swift"; sourceTree = "<group>"; };
		66F9C55026FCC75E00F7E6A6 /* APIEnvironment.swift */ = {isa = PBXFileReference; lastKnownFileType = sourcecode.swift; path = APIEnvironment.swift; sourceTree = "<group>"; };
		66F9C55226FCC94800F7E6A6 /* URLSessionNetworkService.swift */ = {isa = PBXFileReference; lastKnownFileType = sourcecode.swift; path = URLSessionNetworkService.swift; sourceTree = "<group>"; };
		66F9C55426FCC97700F7E6A6 /* RequestType+URLSession.swift */ = {isa = PBXFileReference; lastKnownFileType = sourcecode.swift; path = "RequestType+URLSession.swift"; sourceTree = "<group>"; };
		66F9C55726FCE08300F7E6A6 /* UITableview+Extension.swift */ = {isa = PBXFileReference; lastKnownFileType = sourcecode.swift; path = "UITableview+Extension.swift"; sourceTree = "<group>"; };
		66F9C55A26FCE60500F7E6A6 /* WeatherServiceMock.swift */ = {isa = PBXFileReference; lastKnownFileType = sourcecode.swift; path = WeatherServiceMock.swift; sourceTree = "<group>"; };
		66F9C55C26FCE6F300F7E6A6 /* Decodeable+Extension.swift */ = {isa = PBXFileReference; lastKnownFileType = sourcecode.swift; path = "Decodeable+Extension.swift"; sourceTree = "<group>"; };
		66F9C55E26FCE83100F7E6A6 /* WeatherListViewModelTests.swift */ = {isa = PBXFileReference; lastKnownFileType = sourcecode.swift; path = WeatherListViewModelTests.swift; sourceTree = "<group>"; };
		66F9C56026FCEC3F00F7E6A6 /* XCTestCase+Extension.swift */ = {isa = PBXFileReference; lastKnownFileType = sourcecode.swift; path = "XCTestCase+Extension.swift"; sourceTree = "<group>"; };
		66F9C56526FCF10D00F7E6A6 /* WeatherResponse.json */ = {isa = PBXFileReference; fileEncoding = 4; lastKnownFileType = text.json; path = WeatherResponse.json; sourceTree = "<group>"; };
/* End PBXFileReference section */

/* Begin PBXFrameworksBuildPhase section */
		66F9C4D526FCC33300F7E6A6 /* Frameworks */ = {
			isa = PBXFrameworksBuildPhase;
			buildActionMask = 2147483647;
			files = (
				66F9C51126FCC3AE00F7E6A6 /* RxRelay in Frameworks */,
				66F9C51326FCC3AE00F7E6A6 /* RxCocoa in Frameworks */,
				66F9C50D26FCC3AE00F7E6A6 /* RxSwift in Frameworks */,
			);
			runOnlyForDeploymentPostprocessing = 0;
		};
		66F9C4EB26FCC33400F7E6A6 /* Frameworks */ = {
			isa = PBXFrameworksBuildPhase;
			buildActionMask = 2147483647;
			files = (
				66F9C51826FCC45C00F7E6A6 /* RxTest in Frameworks */,
			);
			runOnlyForDeploymentPostprocessing = 0;
		};
		66F9C4F626FCC33400F7E6A6 /* Frameworks */ = {
			isa = PBXFrameworksBuildPhase;
			buildActionMask = 2147483647;
			files = (
			);
			runOnlyForDeploymentPostprocessing = 0;
		};
/* End PBXFrameworksBuildPhase section */

/* Begin PBXGroup section */
		66582D0C26FE15A00006CF04 /* View */ = {
			isa = PBXGroup;
			children = (
				66F9C53326FCC5F600F7E6A6 /* WeatherListViewController.swift */,
				66F9C53426FCC5F600F7E6A6 /* WeatherListViewController.xib */,
				66F9C53F26FCC6AA00F7E6A6 /* WeatherTableViewCell.swift */,
				66F9C54026FCC6AA00F7E6A6 /* WeatherTableViewCell.xib */,
			);
			path = View;
			sourceTree = "<group>";
		};
		66582D0D26FE15B00006CF04 /* ViewModel */ = {
			isa = PBXGroup;
			children = (
				66F9C53926FCC61800F7E6A6 /* SearchWeatherState.swift */,
				66F9C52F26FCC5CA00F7E6A6 /* WeatherListViewModel.swift */,
			);
			path = ViewModel;
			sourceTree = "<group>";
		};
		66582D1026FE15D30006CF04 /* Model */ = {
			isa = PBXGroup;
			children = (
				66F9C53B26FCC62400F7E6A6 /* WeatherDisplayModel.swift */,
				66F9C53D26FCC63600F7E6A6 /* WeatherResponseModel.swift */,
			);
			path = Model;
			sourceTree = "<group>";
		};
		66582D1126FE15E30006CF04 /* Services */ = {
			isa = PBXGroup;
			children = (
				66F9C53126FCC5E000F7E6A6 /* WeatherService.swift */,
			);
			path = Services;
			sourceTree = "<group>";
		};
		66582D1226FE160E0006CF04 /* WeatherList */ = {
			isa = PBXGroup;
			children = (
				66582D1126FE15E30006CF04 /* Services */,
				66582D1026FE15D30006CF04 /* Model */,
				66582D0C26FE15A00006CF04 /* View */,
				66582D0D26FE15B00006CF04 /* ViewModel */,
			);
			path = WeatherList;
			sourceTree = "<group>";
		};
		66582D1326FE162F0006CF04 /* BaseViewController */ = {
			isa = PBXGroup;
			children = (
				66F9C53726FCC60800F7E6A6 /* BaseViewController.swift */,
				66F9C54326FCC6C100F7E6A6 /* ActivityIndicatorView.swift */,
			);
			path = BaseViewController;
			sourceTree = "<group>";
		};
		66582D1426FE16560006CF04 /* ImageLoader */ = {
			isa = PBXGroup;
			children = (
				66F9C54526FCC6F200F7E6A6 /* ImageLoader.swift */,
			);
			path = ImageLoader;
			sourceTree = "<group>";
		};
		66582D1526FE16700006CF04 /* Cacheable */ = {
			isa = PBXGroup;
			children = (
				66F9C51F26FCC50C00F7E6A6 /* Cacheable.swift */,
				66F9C52126FCC52A00F7E6A6 /* Cache.swift */,
			);
			path = Cacheable;
			sourceTree = "<group>";
		};
		66582D1626FE16AD0006CF04 /* URLSessionNetworkService */ = {
			isa = PBXGroup;
			children = (
				66F9C55226FCC94800F7E6A6 /* URLSessionNetworkService.swift */,
				66F9C55426FCC97700F7E6A6 /* RequestType+URLSession.swift */,
			);
			path = URLSessionNetworkService;
			sourceTree = "<group>";
		};
		66582D1726FE33A70006CF04 /* Style */ = {
			isa = PBXGroup;
			children = (
				66582D1826FE33B30006CF04 /* AccessoryDecorator.swift */,
				66582D1A26FE33D20006CF04 /* ViewStyle.swift */,
			);
			path = Style;
			sourceTree = "<group>";
		};
		66F9C4CF26FCC33300F7E6A6 = {
			isa = PBXGroup;
			children = (
				66F9C4DA26FCC33300F7E6A6 /* Weather */,
				66582D1526FE16700006CF04 /* Cacheable */,
				66582D1426FE16560006CF04 /* ImageLoader */,
				66F9C51926FCC48900F7E6A6 /* NetworkService */,
				66F9C54726FCC70500F7E6A6 /* Extension */,
				66F9C4F126FCC33400F7E6A6 /* WeatherTests */,
				66F9C4FC26FCC33400F7E6A6 /* WeatherUITests */,
				66F9C4D926FCC33300F7E6A6 /* Products */,
				66F9C51626FCC45C00F7E6A6 /* Frameworks */,
			);
			sourceTree = "<group>";
		};
		66F9C4D926FCC33300F7E6A6 /* Products */ = {
			isa = PBXGroup;
			children = (
				66F9C4D826FCC33300F7E6A6 /* Weather.app */,
				66F9C4EE26FCC33400F7E6A6 /* WeatherTests.xctest */,
				66F9C4F926FCC33400F7E6A6 /* WeatherUITests.xctest */,
			);
			name = Products;
			sourceTree = "<group>";
		};
		66F9C4DA26FCC33300F7E6A6 /* Weather */ = {
			isa = PBXGroup;
			children = (
				66582D1726FE33A70006CF04 /* Style */,
				66F9C52E26FCC59600F7E6A6 /* Screens */,
				66F9C4DB26FCC33300F7E6A6 /* AppDelegate.swift */,
				66F9C4DD26FCC33300F7E6A6 /* SceneDelegate.swift */,
				66F9C4DF26FCC33300F7E6A6 /* ViewController.swift */,
				66F9C4E126FCC33300F7E6A6 /* Main.storyboard */,
				66F9C4E426FCC33300F7E6A6 /* Assets.xcassets */,
				66F9C4E626FCC33300F7E6A6 /* LaunchScreen.storyboard */,
				66F9C4E926FCC33300F7E6A6 /* Info.plist */,
			);
			path = Weather;
			sourceTree = "<group>";
		};
		66F9C4F126FCC33400F7E6A6 /* WeatherTests */ = {
			isa = PBXGroup;
			children = (
				66F9C56526FCF10D00F7E6A6 /* WeatherResponse.json */,
				66F9C4F226FCC33400F7E6A6 /* WeatherTests.swift */,
				66F9C55E26FCE83100F7E6A6 /* WeatherListViewModelTests.swift */,
				66F9C4F426FCC33400F7E6A6 /* Info.plist */,
				66F9C55A26FCE60500F7E6A6 /* WeatherServiceMock.swift */,
				66F9C55C26FCE6F300F7E6A6 /* Decodeable+Extension.swift */,
				66F9C56026FCEC3F00F7E6A6 /* XCTestCase+Extension.swift */,
			);
			path = WeatherTests;
			sourceTree = "<group>";
		};
		66F9C4FC26FCC33400F7E6A6 /* WeatherUITests */ = {
			isa = PBXGroup;
			children = (
				66F9C4FD26FCC33400F7E6A6 /* WeatherUITests.swift */,
				66F9C4FF26FCC33400F7E6A6 /* Info.plist */,
			);
			path = WeatherUITests;
			sourceTree = "<group>";
		};
		66F9C51626FCC45C00F7E6A6 /* Frameworks */ = {
			isa = PBXGroup;
			children = (
			);
			name = Frameworks;
			sourceTree = "<group>";
		};
		66F9C51926FCC48900F7E6A6 /* NetworkService */ = {
			isa = PBXGroup;
			children = (
				66582D1626FE16AD0006CF04 /* URLSessionNetworkService */,
				66F9C51E26FCC4FA00F7E6A6 /* Client */,
				66F9C51C26FCC4EE00F7E6A6 /* Core */,
			);
			path = NetworkService;
			sourceTree = "<group>";
		};
		66F9C51C26FCC4EE00F7E6A6 /* Core */ = {
			isa = PBXGroup;
			children = (
				66F9C52426FCC54800F7E6A6 /* APIError.swift */,
				66F9C52726FCC54900F7E6A6 /* Environment.swift */,
				66F9C52526FCC54800F7E6A6 /* Method.swift */,
				66F9C52626FCC54800F7E6A6 /* NetworkServiceType.swift */,
				66F9C52326FCC54800F7E6A6 /* RequestType.swift */,
				66F9C55026FCC75E00F7E6A6 /* APIEnvironment.swift */,
			);
			path = Core;
			sourceTree = "<group>";
		};
		66F9C51E26FCC4FA00F7E6A6 /* Client */ = {
			isa = PBXGroup;
			children = (
				66F9C51A26FCC4C700F7E6A6 /* WeatherRequest.swift */,
			);
			path = Client;
			sourceTree = "<group>";
		};
		66F9C52E26FCC59600F7E6A6 /* Screens */ = {
			isa = PBXGroup;
			children = (
				66582D1326FE162F0006CF04 /* BaseViewController */,
				66582D1226FE160E0006CF04 /* WeatherList */,
			);
			path = Screens;
			sourceTree = "<group>";
		};
		66F9C54726FCC70500F7E6A6 /* Extension */ = {
			isa = PBXGroup;
			children = (
				66F9C54826FCC72900F7E6A6 /* Image+Extension.swift */,
				66F9C54A26FCC72900F7E6A6 /* UIView+Extension.swift */,
				66F9C54B26FCC72900F7E6A6 /* URL+Extension.swift */,
				66F9C55726FCE08300F7E6A6 /* UITableview+Extension.swift */,
			);
			path = Extension;
			sourceTree = "<group>";
		};
/* End PBXGroup section */

/* Begin PBXNativeTarget section */
		66F9C4D726FCC33300F7E6A6 /* Weather */ = {
			isa = PBXNativeTarget;
			buildConfigurationList = 66F9C50226FCC33400F7E6A6 /* Build configuration list for PBXNativeTarget "Weather" */;
			buildPhases = (
				66F9C4D426FCC33300F7E6A6 /* Sources */,
				66F9C4D526FCC33300F7E6A6 /* Frameworks */,
				66F9C4D626FCC33300F7E6A6 /* Resources */,
			);
			buildRules = (
			);
			dependencies = (
			);
			name = Weather;
			packageProductDependencies = (
				66F9C50C26FCC3AE00F7E6A6 /* RxSwift */,
				66F9C51026FCC3AE00F7E6A6 /* RxRelay */,
				66F9C51226FCC3AE00F7E6A6 /* RxCocoa */,
			);
			productName = Weather;
			productReference = 66F9C4D826FCC33300F7E6A6 /* Weather.app */;
			productType = "com.apple.product-type.application";
		};
		66F9C4ED26FCC33400F7E6A6 /* WeatherTests */ = {
			isa = PBXNativeTarget;
			buildConfigurationList = 66F9C50526FCC33400F7E6A6 /* Build configuration list for PBXNativeTarget "WeatherTests" */;
			buildPhases = (
				66F9C4EA26FCC33400F7E6A6 /* Sources */,
				66F9C4EB26FCC33400F7E6A6 /* Frameworks */,
				66F9C4EC26FCC33400F7E6A6 /* Resources */,
			);
			buildRules = (
			);
			dependencies = (
				66F9C4F026FCC33400F7E6A6 /* PBXTargetDependency */,
			);
			name = WeatherTests;
			packageProductDependencies = (
				66F9C51726FCC45C00F7E6A6 /* RxTest */,
			);
			productName = WeatherTests;
			productReference = 66F9C4EE26FCC33400F7E6A6 /* WeatherTests.xctest */;
			productType = "com.apple.product-type.bundle.unit-test";
		};
		66F9C4F826FCC33400F7E6A6 /* WeatherUITests */ = {
			isa = PBXNativeTarget;
			buildConfigurationList = 66F9C50826FCC33400F7E6A6 /* Build configuration list for PBXNativeTarget "WeatherUITests" */;
			buildPhases = (
				66F9C4F526FCC33400F7E6A6 /* Sources */,
				66F9C4F626FCC33400F7E6A6 /* Frameworks */,
				66F9C4F726FCC33400F7E6A6 /* Resources */,
			);
			buildRules = (
			);
			dependencies = (
				66F9C4FB26FCC33400F7E6A6 /* PBXTargetDependency */,
			);
			name = WeatherUITests;
			productName = WeatherUITests;
			productReference = 66F9C4F926FCC33400F7E6A6 /* WeatherUITests.xctest */;
			productType = "com.apple.product-type.bundle.ui-testing";
		};
/* End PBXNativeTarget section */

/* Begin PBXProject section */
		66F9C4D026FCC33300F7E6A6 /* Project object */ = {
			isa = PBXProject;
			attributes = {
				LastSwiftUpdateCheck = 1250;
				LastUpgradeCheck = 1250;
				TargetAttributes = {
					66F9C4D726FCC33300F7E6A6 = {
						CreatedOnToolsVersion = 12.5.1;
					};
					66F9C4ED26FCC33400F7E6A6 = {
						CreatedOnToolsVersion = 12.5.1;
						TestTargetID = 66F9C4D726FCC33300F7E6A6;
					};
					66F9C4F826FCC33400F7E6A6 = {
						CreatedOnToolsVersion = 12.5.1;
						TestTargetID = 66F9C4D726FCC33300F7E6A6;
					};
				};
			};
			buildConfigurationList = 66F9C4D326FCC33300F7E6A6 /* Build configuration list for PBXProject "Weather" */;
			compatibilityVersion = "Xcode 9.3";
			developmentRegion = en;
			hasScannedForEncodings = 0;
			knownRegions = (
				en,
				Base,
			);
			mainGroup = 66F9C4CF26FCC33300F7E6A6;
			packageReferences = (
				66F9C50B26FCC3AE00F7E6A6 /* XCRemoteSwiftPackageReference "RxSwift" */,
			);
			productRefGroup = 66F9C4D926FCC33300F7E6A6 /* Products */;
			projectDirPath = "";
			projectRoot = "";
			targets = (
				66F9C4D726FCC33300F7E6A6 /* Weather */,
				66F9C4ED26FCC33400F7E6A6 /* WeatherTests */,
				66F9C4F826FCC33400F7E6A6 /* WeatherUITests */,
			);
		};
/* End PBXProject section */

/* Begin PBXResourcesBuildPhase section */
		66F9C4D626FCC33300F7E6A6 /* Resources */ = {
			isa = PBXResourcesBuildPhase;
			buildActionMask = 2147483647;
			files = (
				66F9C4E826FCC33300F7E6A6 /* LaunchScreen.storyboard in Resources */,
				66F9C53626FCC5F600F7E6A6 /* WeatherListViewController.xib in Resources */,
				66F9C54226FCC6AA00F7E6A6 /* WeatherTableViewCell.xib in Resources */,
				66F9C4E526FCC33300F7E6A6 /* Assets.xcassets in Resources */,
				66F9C4E326FCC33300F7E6A6 /* Main.storyboard in Resources */,
			);
			runOnlyForDeploymentPostprocessing = 0;
		};
		66F9C4EC26FCC33400F7E6A6 /* Resources */ = {
			isa = PBXResourcesBuildPhase;
			buildActionMask = 2147483647;
			files = (
				66F9C56626FCF10D00F7E6A6 /* WeatherResponse.json in Resources */,
			);
			runOnlyForDeploymentPostprocessing = 0;
		};
		66F9C4F726FCC33400F7E6A6 /* Resources */ = {
			isa = PBXResourcesBuildPhase;
			buildActionMask = 2147483647;
			files = (
			);
			runOnlyForDeploymentPostprocessing = 0;
		};
/* End PBXResourcesBuildPhase section */

/* Begin PBXSourcesBuildPhase section */
		66F9C4D426FCC33300F7E6A6 /* Sources */ = {
			isa = PBXSourcesBuildPhase;
			buildActionMask = 2147483647;
			files = (
				66F9C53E26FCC63600F7E6A6 /* WeatherResponseModel.swift in Sources */,
				66F9C51B26FCC4C700F7E6A6 /* WeatherRequest.swift in Sources */,
				66F9C52826FCC54900F7E6A6 /* RequestType.swift in Sources */,
				66F9C4E026FCC33300F7E6A6 /* ViewController.swift in Sources */,
				66F9C55326FCC94800F7E6A6 /* URLSessionNetworkService.swift in Sources */,
				66F9C54126FCC6AA00F7E6A6 /* WeatherTableViewCell.swift in Sources */,
				66F9C4DC26FCC33300F7E6A6 /* AppDelegate.swift in Sources */,
				66F9C53C26FCC62400F7E6A6 /* WeatherDisplayModel.swift in Sources */,
				66F9C54F26FCC72900F7E6A6 /* URL+Extension.swift in Sources */,
				66F9C53826FCC60800F7E6A6 /* BaseViewController.swift in Sources */,
				66582D0A26FE0B250006CF04 /* Cacheable.swift in Sources */,
				66F9C55826FCE08300F7E6A6 /* UITableview+Extension.swift in Sources */,
				66F9C52926FCC54900F7E6A6 /* APIError.swift in Sources */,
				66F9C52226FCC52A00F7E6A6 /* Cache.swift in Sources */,
				66F9C54C26FCC72900F7E6A6 /* Image+Extension.swift in Sources */,
				66F9C54426FCC6C100F7E6A6 /* ActivityIndicatorView.swift in Sources */,
				66F9C52C26FCC54900F7E6A6 /* Environment.swift in Sources */,
				66F9C4DE26FCC33300F7E6A6 /* SceneDelegate.swift in Sources */,
				66582D1B26FE33D20006CF04 /* ViewStyle.swift in Sources */,
				66F9C54626FCC6F200F7E6A6 /* ImageLoader.swift in Sources */,
				66F9C53A26FCC61800F7E6A6 /* SearchWeatherState.swift in Sources */,
				66F9C54E26FCC72900F7E6A6 /* UIView+Extension.swift in Sources */,
				66F9C53026FCC5CA00F7E6A6 /* WeatherListViewModel.swift in Sources */,
				66F9C52B26FCC54900F7E6A6 /* NetworkServiceType.swift in Sources */,
				66F9C52A26FCC54900F7E6A6 /* Method.swift in Sources */,
				66F9C55526FCC97700F7E6A6 /* RequestType+URLSession.swift in Sources */,
				66582D1926FE33B30006CF04 /* AccessoryDecorator.swift in Sources */,
				66F9C53226FCC5E000F7E6A6 /* WeatherService.swift in Sources */,
				66F9C55126FCC75E00F7E6A6 /* APIEnvironment.swift in Sources */,
				66F9C53526FCC5F600F7E6A6 /* WeatherListViewController.swift in Sources */,
			);
			runOnlyForDeploymentPostprocessing = 0;
		};
		66F9C4EA26FCC33400F7E6A6 /* Sources */ = {
			isa = PBXSourcesBuildPhase;
			buildActionMask = 2147483647;
			files = (
				66F9C55B26FCE60500F7E6A6 /* WeatherServiceMock.swift in Sources */,
				66F9C55F26FCE83100F7E6A6 /* WeatherListViewModelTests.swift in Sources */,
				66F9C55D26FCE6F300F7E6A6 /* Decodeable+Extension.swift in Sources */,
				66F9C4F326FCC33400F7E6A6 /* WeatherTests.swift in Sources */,
				66F9C56126FCEC3F00F7E6A6 /* XCTestCase+Extension.swift in Sources */,
			);
			runOnlyForDeploymentPostprocessing = 0;
		};
		66F9C4F526FCC33400F7E6A6 /* Sources */ = {
			isa = PBXSourcesBuildPhase;
			buildActionMask = 2147483647;
			files = (
				66F9C4FE26FCC33400F7E6A6 /* WeatherUITests.swift in Sources */,
			);
			runOnlyForDeploymentPostprocessing = 0;
		};
/* End PBXSourcesBuildPhase section */

/* Begin PBXTargetDependency section */
		66F9C4F026FCC33400F7E6A6 /* PBXTargetDependency */ = {
			isa = PBXTargetDependency;
			target = 66F9C4D726FCC33300F7E6A6 /* Weather */;
			targetProxy = 66F9C4EF26FCC33400F7E6A6 /* PBXContainerItemProxy */;
		};
		66F9C4FB26FCC33400F7E6A6 /* PBXTargetDependency */ = {
			isa = PBXTargetDependency;
			target = 66F9C4D726FCC33300F7E6A6 /* Weather */;
			targetProxy = 66F9C4FA26FCC33400F7E6A6 /* PBXContainerItemProxy */;
		};
/* End PBXTargetDependency section */

/* Begin PBXVariantGroup section */
		66F9C4E126FCC33300F7E6A6 /* Main.storyboard */ = {
			isa = PBXVariantGroup;
			children = (
				66F9C4E226FCC33300F7E6A6 /* Base */,
			);
			name = Main.storyboard;
			sourceTree = "<group>";
		};
		66F9C4E626FCC33300F7E6A6 /* LaunchScreen.storyboard */ = {
			isa = PBXVariantGroup;
			children = (
				66F9C4E726FCC33300F7E6A6 /* Base */,
			);
			name = LaunchScreen.storyboard;
			sourceTree = "<group>";
		};
/* End PBXVariantGroup section */

/* Begin XCBuildConfiguration section */
		66F9C50026FCC33400F7E6A6 /* Debug */ = {
			isa = XCBuildConfiguration;
			buildSettings = {
				ALWAYS_SEARCH_USER_PATHS = NO;
				CLANG_ANALYZER_NONNULL = YES;
				CLANG_ANALYZER_NUMBER_OBJECT_CONVERSION = YES_AGGRESSIVE;
				CLANG_CXX_LANGUAGE_STANDARD = "gnu++14";
				CLANG_CXX_LIBRARY = "libc++";
				CLANG_ENABLE_MODULES = YES;
				CLANG_ENABLE_OBJC_ARC = YES;
				CLANG_ENABLE_OBJC_WEAK = YES;
				CLANG_WARN_BLOCK_CAPTURE_AUTORELEASING = YES;
				CLANG_WARN_BOOL_CONVERSION = YES;
				CLANG_WARN_COMMA = YES;
				CLANG_WARN_CONSTANT_CONVERSION = YES;
				CLANG_WARN_DEPRECATED_OBJC_IMPLEMENTATIONS = YES;
				CLANG_WARN_DIRECT_OBJC_ISA_USAGE = YES_ERROR;
				CLANG_WARN_DOCUMENTATION_COMMENTS = YES;
				CLANG_WARN_EMPTY_BODY = YES;
				CLANG_WARN_ENUM_CONVERSION = YES;
				CLANG_WARN_INFINITE_RECURSION = YES;
				CLANG_WARN_INT_CONVERSION = YES;
				CLANG_WARN_NON_LITERAL_NULL_CONVERSION = YES;
				CLANG_WARN_OBJC_IMPLICIT_RETAIN_SELF = YES;
				CLANG_WARN_OBJC_LITERAL_CONVERSION = YES;
				CLANG_WARN_OBJC_ROOT_CLASS = YES_ERROR;
				CLANG_WARN_QUOTED_INCLUDE_IN_FRAMEWORK_HEADER = YES;
				CLANG_WARN_RANGE_LOOP_ANALYSIS = YES;
				CLANG_WARN_STRICT_PROTOTYPES = YES;
				CLANG_WARN_SUSPICIOUS_MOVE = YES;
				CLANG_WARN_UNGUARDED_AVAILABILITY = YES_AGGRESSIVE;
				CLANG_WARN_UNREACHABLE_CODE = YES;
				CLANG_WARN__DUPLICATE_METHOD_MATCH = YES;
				COPY_PHASE_STRIP = NO;
				DEBUG_INFORMATION_FORMAT = dwarf;
				ENABLE_STRICT_OBJC_MSGSEND = YES;
				ENABLE_TESTABILITY = YES;
				GCC_C_LANGUAGE_STANDARD = gnu11;
				GCC_DYNAMIC_NO_PIC = NO;
				GCC_NO_COMMON_BLOCKS = YES;
				GCC_OPTIMIZATION_LEVEL = 0;
				GCC_PREPROCESSOR_DEFINITIONS = (
					"DEBUG=1",
					"$(inherited)",
				);
				GCC_WARN_64_TO_32_BIT_CONVERSION = YES;
				GCC_WARN_ABOUT_RETURN_TYPE = YES_ERROR;
				GCC_WARN_UNDECLARED_SELECTOR = YES;
				GCC_WARN_UNINITIALIZED_AUTOS = YES_AGGRESSIVE;
				GCC_WARN_UNUSED_FUNCTION = YES;
				GCC_WARN_UNUSED_VARIABLE = YES;
				IPHONEOS_DEPLOYMENT_TARGET = 14.5;
				MTL_ENABLE_DEBUG_INFO = INCLUDE_SOURCE;
				MTL_FAST_MATH = YES;
				ONLY_ACTIVE_ARCH = YES;
				SDKROOT = iphoneos;
				SWIFT_ACTIVE_COMPILATION_CONDITIONS = DEBUG;
				SWIFT_OPTIMIZATION_LEVEL = "-Onone";
			};
			name = Debug;
		};
		66F9C50126FCC33400F7E6A6 /* Release */ = {
			isa = XCBuildConfiguration;
			buildSettings = {
				ALWAYS_SEARCH_USER_PATHS = NO;
				CLANG_ANALYZER_NONNULL = YES;
				CLANG_ANALYZER_NUMBER_OBJECT_CONVERSION = YES_AGGRESSIVE;
				CLANG_CXX_LANGUAGE_STANDARD = "gnu++14";
				CLANG_CXX_LIBRARY = "libc++";
				CLANG_ENABLE_MODULES = YES;
				CLANG_ENABLE_OBJC_ARC = YES;
				CLANG_ENABLE_OBJC_WEAK = YES;
				CLANG_WARN_BLOCK_CAPTURE_AUTORELEASING = YES;
				CLANG_WARN_BOOL_CONVERSION = YES;
				CLANG_WARN_COMMA = YES;
				CLANG_WARN_CONSTANT_CONVERSION = YES;
				CLANG_WARN_DEPRECATED_OBJC_IMPLEMENTATIONS = YES;
				CLANG_WARN_DIRECT_OBJC_ISA_USAGE = YES_ERROR;
				CLANG_WARN_DOCUMENTATION_COMMENTS = YES;
				CLANG_WARN_EMPTY_BODY = YES;
				CLANG_WARN_ENUM_CONVERSION = YES;
				CLANG_WARN_INFINITE_RECURSION = YES;
				CLANG_WARN_INT_CONVERSION = YES;
				CLANG_WARN_NON_LITERAL_NULL_CONVERSION = YES;
				CLANG_WARN_OBJC_IMPLICIT_RETAIN_SELF = YES;
				CLANG_WARN_OBJC_LITERAL_CONVERSION = YES;
				CLANG_WARN_OBJC_ROOT_CLASS = YES_ERROR;
				CLANG_WARN_QUOTED_INCLUDE_IN_FRAMEWORK_HEADER = YES;
				CLANG_WARN_RANGE_LOOP_ANALYSIS = YES;
				CLANG_WARN_STRICT_PROTOTYPES = YES;
				CLANG_WARN_SUSPICIOUS_MOVE = YES;
				CLANG_WARN_UNGUARDED_AVAILABILITY = YES_AGGRESSIVE;
				CLANG_WARN_UNREACHABLE_CODE = YES;
				CLANG_WARN__DUPLICATE_METHOD_MATCH = YES;
				COPY_PHASE_STRIP = NO;
				DEBUG_INFORMATION_FORMAT = "dwarf-with-dsym";
				ENABLE_NS_ASSERTIONS = NO;
				ENABLE_STRICT_OBJC_MSGSEND = YES;
				GCC_C_LANGUAGE_STANDARD = gnu11;
				GCC_NO_COMMON_BLOCKS = YES;
				GCC_WARN_64_TO_32_BIT_CONVERSION = YES;
				GCC_WARN_ABOUT_RETURN_TYPE = YES_ERROR;
				GCC_WARN_UNDECLARED_SELECTOR = YES;
				GCC_WARN_UNINITIALIZED_AUTOS = YES_AGGRESSIVE;
				GCC_WARN_UNUSED_FUNCTION = YES;
				GCC_WARN_UNUSED_VARIABLE = YES;
				IPHONEOS_DEPLOYMENT_TARGET = 14.5;
				MTL_ENABLE_DEBUG_INFO = NO;
				MTL_FAST_MATH = YES;
				SDKROOT = iphoneos;
				SWIFT_COMPILATION_MODE = wholemodule;
				SWIFT_OPTIMIZATION_LEVEL = "-O";
				VALIDATE_PRODUCT = YES;
			};
			name = Release;
		};
		66F9C50326FCC33400F7E6A6 /* Debug */ = {
			isa = XCBuildConfiguration;
			buildSettings = {
				ASSETCATALOG_COMPILER_APPICON_NAME = AppIcon;
				ASSETCATALOG_COMPILER_GLOBAL_ACCENT_COLOR_NAME = AccentColor;
				CODE_SIGN_STYLE = Automatic;
				DEVELOPMENT_TEAM = 4QCLM32W7B;
				INFOPLIST_FILE = Weather/Info.plist;
				IPHONEOS_DEPLOYMENT_TARGET = 13.0;
				LD_RUNPATH_SEARCH_PATHS = (
					"$(inherited)",
					"@executable_path/Frameworks",
				);
				PRODUCT_BUNDLE_IDENTIFIER = "v-anh.Weather";
				PRODUCT_NAME = "$(TARGET_NAME)";
				SWIFT_VERSION = 5.0;
				TARGETED_DEVICE_FAMILY = 1;
			};
			name = Debug;
		};
		66F9C50426FCC33400F7E6A6 /* Release */ = {
			isa = XCBuildConfiguration;
			buildSettings = {
				ASSETCATALOG_COMPILER_APPICON_NAME = AppIcon;
				ASSETCATALOG_COMPILER_GLOBAL_ACCENT_COLOR_NAME = AccentColor;
				CODE_SIGN_STYLE = Automatic;
				DEVELOPMENT_TEAM = 4QCLM32W7B;
				INFOPLIST_FILE = Weather/Info.plist;
				IPHONEOS_DEPLOYMENT_TARGET = 13.0;
				LD_RUNPATH_SEARCH_PATHS = (
					"$(inherited)",
					"@executable_path/Frameworks",
				);
				PRODUCT_BUNDLE_IDENTIFIER = "v-anh.Weather";
				PRODUCT_NAME = "$(TARGET_NAME)";
				SWIFT_VERSION = 5.0;
				TARGETED_DEVICE_FAMILY = 1;
			};
			name = Release;
		};
		66F9C50626FCC33400F7E6A6 /* Debug */ = {
			isa = XCBuildConfiguration;
			buildSettings = {
				ALWAYS_EMBED_SWIFT_STANDARD_LIBRARIES = YES;
				BUNDLE_LOADER = "$(TEST_HOST)";
				CODE_SIGN_STYLE = Automatic;
				DEVELOPMENT_TEAM = 4QCLM32W7B;
				INFOPLIST_FILE = WeatherTests/Info.plist;
				IPHONEOS_DEPLOYMENT_TARGET = 14.5;
				LD_RUNPATH_SEARCH_PATHS = (
					"$(inherited)",
					"@executable_path/Frameworks",
					"@loader_path/Frameworks",
				);
				PRODUCT_BUNDLE_IDENTIFIER = "v-anh.WeatherTests";
				PRODUCT_NAME = "$(TARGET_NAME)";
				SWIFT_VERSION = 5.0;
				TARGETED_DEVICE_FAMILY = "1,2";
				TEST_HOST = "$(BUILT_PRODUCTS_DIR)/Weather.app/Weather";
			};
			name = Debug;
		};
		66F9C50726FCC33400F7E6A6 /* Release */ = {
			isa = XCBuildConfiguration;
			buildSettings = {
				ALWAYS_EMBED_SWIFT_STANDARD_LIBRARIES = YES;
				BUNDLE_LOADER = "$(TEST_HOST)";
				CODE_SIGN_STYLE = Automatic;
				DEVELOPMENT_TEAM = 4QCLM32W7B;
				INFOPLIST_FILE = WeatherTests/Info.plist;
				IPHONEOS_DEPLOYMENT_TARGET = 14.5;
				LD_RUNPATH_SEARCH_PATHS = (
					"$(inherited)",
					"@executable_path/Frameworks",
					"@loader_path/Frameworks",
				);
				PRODUCT_BUNDLE_IDENTIFIER = "v-anh.WeatherTests";
				PRODUCT_NAME = "$(TARGET_NAME)";
				SWIFT_VERSION = 5.0;
				TARGETED_DEVICE_FAMILY = "1,2";
				TEST_HOST = "$(BUILT_PRODUCTS_DIR)/Weather.app/Weather";
			};
			name = Release;
		};
		66F9C50926FCC33400F7E6A6 /* Debug */ = {
			isa = XCBuildConfiguration;
			buildSettings = {
				ALWAYS_EMBED_SWIFT_STANDARD_LIBRARIES = YES;
				CODE_SIGN_STYLE = Automatic;
				DEVELOPMENT_TEAM = 4QCLM32W7B;
				INFOPLIST_FILE = WeatherUITests/Info.plist;
				LD_RUNPATH_SEARCH_PATHS = (
					"$(inherited)",
					"@executable_path/Frameworks",
					"@loader_path/Frameworks",
				);
				PRODUCT_BUNDLE_IDENTIFIER = "v-anh.WeatherUITests";
				PRODUCT_NAME = "$(TARGET_NAME)";
				SWIFT_VERSION = 5.0;
				TARGETED_DEVICE_FAMILY = "1,2";
				TEST_TARGET_NAME = Weather;
			};
			name = Debug;
		};
		66F9C50A26FCC33400F7E6A6 /* Release */ = {
			isa = XCBuildConfiguration;
			buildSettings = {
				ALWAYS_EMBED_SWIFT_STANDARD_LIBRARIES = YES;
				CODE_SIGN_STYLE = Automatic;
				DEVELOPMENT_TEAM = 4QCLM32W7B;
				INFOPLIST_FILE = WeatherUITests/Info.plist;
				LD_RUNPATH_SEARCH_PATHS = (
					"$(inherited)",
					"@executable_path/Frameworks",
					"@loader_path/Frameworks",
				);
				PRODUCT_BUNDLE_IDENTIFIER = "v-anh.WeatherUITests";
				PRODUCT_NAME = "$(TARGET_NAME)";
				SWIFT_VERSION = 5.0;
				TARGETED_DEVICE_FAMILY = "1,2";
				TEST_TARGET_NAME = Weather;
			};
			name = Release;
		};
/* End XCBuildConfiguration section */

/* Begin XCConfigurationList section */
		66F9C4D326FCC33300F7E6A6 /* Build configuration list for PBXProject "Weather" */ = {
			isa = XCConfigurationList;
			buildConfigurations = (
				66F9C50026FCC33400F7E6A6 /* Debug */,
				66F9C50126FCC33400F7E6A6 /* Release */,
			);
			defaultConfigurationIsVisible = 0;
			defaultConfigurationName = Release;
		};
		66F9C50226FCC33400F7E6A6 /* Build configuration list for PBXNativeTarget "Weather" */ = {
			isa = XCConfigurationList;
			buildConfigurations = (
				66F9C50326FCC33400F7E6A6 /* Debug */,
				66F9C50426FCC33400F7E6A6 /* Release */,
			);
			defaultConfigurationIsVisible = 0;
			defaultConfigurationName = Release;
		};
		66F9C50526FCC33400F7E6A6 /* Build configuration list for PBXNativeTarget "WeatherTests" */ = {
			isa = XCConfigurationList;
			buildConfigurations = (
				66F9C50626FCC33400F7E6A6 /* Debug */,
				66F9C50726FCC33400F7E6A6 /* Release */,
			);
			defaultConfigurationIsVisible = 0;
			defaultConfigurationName = Release;
		};
		66F9C50826FCC33400F7E6A6 /* Build configuration list for PBXNativeTarget "WeatherUITests" */ = {
			isa = XCConfigurationList;
			buildConfigurations = (
				66F9C50926FCC33400F7E6A6 /* Debug */,
				66F9C50A26FCC33400F7E6A6 /* Release */,
			);
			defaultConfigurationIsVisible = 0;
			defaultConfigurationName = Release;
		};
/* End XCConfigurationList section */

/* Begin XCRemoteSwiftPackageReference section */
		66F9C50B26FCC3AE00F7E6A6 /* XCRemoteSwiftPackageReference "RxSwift" */ = {
			isa = XCRemoteSwiftPackageReference;
			repositoryURL = "https://github.com/ReactiveX/RxSwift.git";
			requirement = {
				kind = upToNextMajorVersion;
				minimumVersion = 6.2.0;
			};
		};
/* End XCRemoteSwiftPackageReference section */

/* Begin XCSwiftPackageProductDependency section */
		66F9C50C26FCC3AE00F7E6A6 /* RxSwift */ = {
			isa = XCSwiftPackageProductDependency;
			package = 66F9C50B26FCC3AE00F7E6A6 /* XCRemoteSwiftPackageReference "RxSwift" */;
			productName = RxSwift;
		};
		66F9C51026FCC3AE00F7E6A6 /* RxRelay */ = {
			isa = XCSwiftPackageProductDependency;
			package = 66F9C50B26FCC3AE00F7E6A6 /* XCRemoteSwiftPackageReference "RxSwift" */;
			productName = RxRelay;
		};
		66F9C51226FCC3AE00F7E6A6 /* RxCocoa */ = {
			isa = XCSwiftPackageProductDependency;
			package = 66F9C50B26FCC3AE00F7E6A6 /* XCRemoteSwiftPackageReference "RxSwift" */;
			productName = RxCocoa;
		};
		66F9C51726FCC45C00F7E6A6 /* RxTest */ = {
			isa = XCSwiftPackageProductDependency;
			package = 66F9C50B26FCC3AE00F7E6A6 /* XCRemoteSwiftPackageReference "RxSwift" */;
			productName = RxTest;
		};
/* End XCSwiftPackageProductDependency section */
	};
	rootObject = 66F9C4D026FCC33300F7E6A6 /* Project object */;
}
